// !$*UTF8*$!
{
	archiveVersion = 1;
	classes = {
	};
	objectVersion = 56;
	objects = {

/* Begin PBXBuildFile section */
		830BC7A72A1BB42C00F14A49 /* TestGHRunnerApp.swift in Sources */ = {isa = PBXBuildFile; fileRef = 830BC7A62A1BB42C00F14A49 /* TestGHRunnerApp.swift */; };
		830BC7A92A1BB42C00F14A49 /* ContentView.swift in Sources */ = {isa = PBXBuildFile; fileRef = 830BC7A82A1BB42C00F14A49 /* ContentView.swift */; };
		830BC7AB2A1BB42E00F14A49 /* Assets.xcassets in Resources */ = {isa = PBXBuildFile; fileRef = 830BC7AA2A1BB42E00F14A49 /* Assets.xcassets */; };
		830BC7AE2A1BB42E00F14A49 /* Preview Assets.xcassets in Resources */ = {isa = PBXBuildFile; fileRef = 830BC7AD2A1BB42E00F14A49 /* Preview Assets.xcassets */; };
		830BC7B92A1BB42F00F14A49 /* TestGHRunnerTests.swift in Sources */ = {isa = PBXBuildFile; fileRef = 830BC7B82A1BB42F00F14A49 /* TestGHRunnerTests.swift */; };
		830BC7C32A1BB42F00F14A49 /* TestGHRunnerUITests.swift in Sources */ = {isa = PBXBuildFile; fileRef = 830BC7C22A1BB42F00F14A49 /* TestGHRunnerUITests.swift */; };
		830BC7C52A1BB42F00F14A49 /* TestGHRunnerUITestsLaunchTests.swift in Sources */ = {isa = PBXBuildFile; fileRef = 830BC7C42A1BB42F00F14A49 /* TestGHRunnerUITestsLaunchTests.swift */; };
/* End PBXBuildFile section */

/* Begin PBXContainerItemProxy section */
		830BC7B52A1BB42F00F14A49 /* PBXContainerItemProxy */ = {
			isa = PBXContainerItemProxy;
			containerPortal = 830BC79B2A1BB42C00F14A49 /* Project object */;
			proxyType = 1;
			remoteGlobalIDString = 830BC7A22A1BB42C00F14A49;
			remoteInfo = TestGHRunner;
		};
		830BC7BF2A1BB42F00F14A49 /* PBXContainerItemProxy */ = {
			isa = PBXContainerItemProxy;
			containerPortal = 830BC79B2A1BB42C00F14A49 /* Project object */;
			proxyType = 1;
			remoteGlobalIDString = 830BC7A22A1BB42C00F14A49;
			remoteInfo = TestGHRunner;
		};
/* End PBXContainerItemProxy section */

/* Begin PBXFileReference section */
		830BC7A32A1BB42C00F14A49 /* TestGHRunner.app */ = {isa = PBXFileReference; explicitFileType = wrapper.application; includeInIndex = 0; path = TestGHRunner.app; sourceTree = BUILT_PRODUCTS_DIR; };
		830BC7A62A1BB42C00F14A49 /* TestGHRunnerApp.swift */ = {isa = PBXFileReference; lastKnownFileType = sourcecode.swift; path = TestGHRunnerApp.swift; sourceTree = "<group>"; };
		830BC7A82A1BB42C00F14A49 /* ContentView.swift */ = {isa = PBXFileReference; lastKnownFileType = sourcecode.swift; path = ContentView.swift; sourceTree = "<group>"; };
		830BC7AA2A1BB42E00F14A49 /* Assets.xcassets */ = {isa = PBXFileReference; lastKnownFileType = folder.assetcatalog; path = Assets.xcassets; sourceTree = "<group>"; };
		830BC7AD2A1BB42E00F14A49 /* Preview Assets.xcassets */ = {isa = PBXFileReference; lastKnownFileType = folder.assetcatalog; path = "Preview Assets.xcassets"; sourceTree = "<group>"; };
		830BC7AF2A1BB42E00F14A49 /* TestGHRunner.entitlements */ = {isa = PBXFileReference; lastKnownFileType = text.plist.entitlements; path = TestGHRunner.entitlements; sourceTree = "<group>"; };
		830BC7B42A1BB42F00F14A49 /* TestGHRunnerTests.xctest */ = {isa = PBXFileReference; explicitFileType = wrapper.cfbundle; includeInIndex = 0; path = TestGHRunnerTests.xctest; sourceTree = BUILT_PRODUCTS_DIR; };
		830BC7B82A1BB42F00F14A49 /* TestGHRunnerTests.swift */ = {isa = PBXFileReference; lastKnownFileType = sourcecode.swift; path = TestGHRunnerTests.swift; sourceTree = "<group>"; };
		830BC7BE2A1BB42F00F14A49 /* TestGHRunnerUITests.xctest */ = {isa = PBXFileReference; explicitFileType = wrapper.cfbundle; includeInIndex = 0; path = TestGHRunnerUITests.xctest; sourceTree = BUILT_PRODUCTS_DIR; };
		830BC7C22A1BB42F00F14A49 /* TestGHRunnerUITests.swift */ = {isa = PBXFileReference; lastKnownFileType = sourcecode.swift; path = TestGHRunnerUITests.swift; sourceTree = "<group>"; };
		830BC7C42A1BB42F00F14A49 /* TestGHRunnerUITestsLaunchTests.swift */ = {isa = PBXFileReference; lastKnownFileType = sourcecode.swift; path = TestGHRunnerUITestsLaunchTests.swift; sourceTree = "<group>"; };
/* End PBXFileReference section */

/* Begin PBXFrameworksBuildPhase section */
		830BC7A02A1BB42C00F14A49 /* Frameworks */ = {
			isa = PBXFrameworksBuildPhase;
			buildActionMask = 2147483647;
			files = (
			);
			runOnlyForDeploymentPostprocessing = 0;
		};
		830BC7B12A1BB42F00F14A49 /* Frameworks */ = {
			isa = PBXFrameworksBuildPhase;
			buildActionMask = 2147483647;
			files = (
			);
			runOnlyForDeploymentPostprocessing = 0;
		};
		830BC7BB2A1BB42F00F14A49 /* Frameworks */ = {
			isa = PBXFrameworksBuildPhase;
			buildActionMask = 2147483647;
			files = (
			);
			runOnlyForDeploymentPostprocessing = 0;
		};
/* End PBXFrameworksBuildPhase section */

/* Begin PBXGroup section */
		830BC79A2A1BB42C00F14A49 = {
			isa = PBXGroup;
			children = (
				830BC7A52A1BB42C00F14A49 /* TestGHRunner */,
				830BC7B72A1BB42F00F14A49 /* TestGHRunnerTests */,
				830BC7C12A1BB42F00F14A49 /* TestGHRunnerUITests */,
				830BC7A42A1BB42C00F14A49 /* Products */,
			);
			sourceTree = "<group>";
		};
		830BC7A42A1BB42C00F14A49 /* Products */ = {
			isa = PBXGroup;
			children = (
				830BC7A32A1BB42C00F14A49 /* TestGHRunner.app */,
				830BC7B42A1BB42F00F14A49 /* TestGHRunnerTests.xctest */,
				830BC7BE2A1BB42F00F14A49 /* TestGHRunnerUITests.xctest */,
			);
			name = Products;
			sourceTree = "<group>";
		};
		830BC7A52A1BB42C00F14A49 /* TestGHRunner */ = {
			isa = PBXGroup;
			children = (
				830BC7A62A1BB42C00F14A49 /* TestGHRunnerApp.swift */,
				830BC7A82A1BB42C00F14A49 /* ContentView.swift */,
				830BC7AA2A1BB42E00F14A49 /* Assets.xcassets */,
				830BC7AF2A1BB42E00F14A49 /* TestGHRunner.entitlements */,
				830BC7AC2A1BB42E00F14A49 /* Preview Content */,
			);
			path = TestGHRunner;
			sourceTree = "<group>";
		};
		830BC7AC2A1BB42E00F14A49 /* Preview Content */ = {
			isa = PBXGroup;
			children = (
				830BC7AD2A1BB42E00F14A49 /* Preview Assets.xcassets */,
			);
			path = "Preview Content";
			sourceTree = "<group>";
		};
		830BC7B72A1BB42F00F14A49 /* TestGHRunnerTests */ = {
			isa = PBXGroup;
			children = (
				830BC7B82A1BB42F00F14A49 /* TestGHRunnerTests.swift */,
			);
			path = TestGHRunnerTests;
			sourceTree = "<group>";
		};
		830BC7C12A1BB42F00F14A49 /* TestGHRunnerUITests */ = {
			isa = PBXGroup;
			children = (
				830BC7C22A1BB42F00F14A49 /* TestGHRunnerUITests.swift */,
				830BC7C42A1BB42F00F14A49 /* TestGHRunnerUITestsLaunchTests.swift */,
			);
			path = TestGHRunnerUITests;
			sourceTree = "<group>";
		};
/* End PBXGroup section */

/* Begin PBXNativeTarget section */
		830BC7A22A1BB42C00F14A49 /* TestGHRunner */ = {
			isa = PBXNativeTarget;
			buildConfigurationList = 830BC7C82A1BB42F00F14A49 /* Build configuration list for PBXNativeTarget "TestGHRunner" */;
			buildPhases = (
				830BC79F2A1BB42C00F14A49 /* Sources */,
				830BC7A02A1BB42C00F14A49 /* Frameworks */,
				830BC7A12A1BB42C00F14A49 /* Resources */,
			);
			buildRules = (
			);
			dependencies = (
			);
			name = TestGHRunner;
			productName = TestGHRunner;
			productReference = 830BC7A32A1BB42C00F14A49 /* TestGHRunner.app */;
			productType = "com.apple.product-type.application";
		};
		830BC7B32A1BB42F00F14A49 /* TestGHRunnerTests */ = {
			isa = PBXNativeTarget;
			buildConfigurationList = 830BC7CB2A1BB42F00F14A49 /* Build configuration list for PBXNativeTarget "TestGHRunnerTests" */;
			buildPhases = (
				830BC7B02A1BB42F00F14A49 /* Sources */,
				830BC7B12A1BB42F00F14A49 /* Frameworks */,
				830BC7B22A1BB42F00F14A49 /* Resources */,
			);
			buildRules = (
			);
			dependencies = (
				830BC7B62A1BB42F00F14A49 /* PBXTargetDependency */,
			);
			name = TestGHRunnerTests;
			productName = TestGHRunnerTests;
			productReference = 830BC7B42A1BB42F00F14A49 /* TestGHRunnerTests.xctest */;
			productType = "com.apple.product-type.bundle.unit-test";
		};
		830BC7BD2A1BB42F00F14A49 /* TestGHRunnerUITests */ = {
			isa = PBXNativeTarget;
			buildConfigurationList = 830BC7CE2A1BB42F00F14A49 /* Build configuration list for PBXNativeTarget "TestGHRunnerUITests" */;
			buildPhases = (
				830BC7BA2A1BB42F00F14A49 /* Sources */,
				830BC7BB2A1BB42F00F14A49 /* Frameworks */,
				830BC7BC2A1BB42F00F14A49 /* Resources */,
			);
			buildRules = (
			);
			dependencies = (
				830BC7C02A1BB42F00F14A49 /* PBXTargetDependency */,
			);
			name = TestGHRunnerUITests;
			productName = TestGHRunnerUITests;
			productReference = 830BC7BE2A1BB42F00F14A49 /* TestGHRunnerUITests.xctest */;
			productType = "com.apple.product-type.bundle.ui-testing";
		};
/* End PBXNativeTarget section */

/* Begin PBXProject section */
		830BC79B2A1BB42C00F14A49 /* Project object */ = {
			isa = PBXProject;
			attributes = {
				BuildIndependentTargetsInParallel = 1;
				LastSwiftUpdateCheck = 1430;
				LastUpgradeCheck = 1430;
				TargetAttributes = {
					830BC7A22A1BB42C00F14A49 = {
						CreatedOnToolsVersion = 14.3;
					};
					830BC7B32A1BB42F00F14A49 = {
						CreatedOnToolsVersion = 14.3;
						TestTargetID = 830BC7A22A1BB42C00F14A49;
					};
					830BC7BD2A1BB42F00F14A49 = {
						CreatedOnToolsVersion = 14.3;
						TestTargetID = 830BC7A22A1BB42C00F14A49;
					};
				};
			};
			buildConfigurationList = 830BC79E2A1BB42C00F14A49 /* Build configuration list for PBXProject "TestGHRunner" */;
			compatibilityVersion = "Xcode 14.0";
			developmentRegion = en;
			hasScannedForEncodings = 0;
			knownRegions = (
				en,
				Base,
			);
			mainGroup = 830BC79A2A1BB42C00F14A49;
			productRefGroup = 830BC7A42A1BB42C00F14A49 /* Products */;
			projectDirPath = "";
			projectRoot = "";
			targets = (
				830BC7A22A1BB42C00F14A49 /* TestGHRunner */,
				830BC7B32A1BB42F00F14A49 /* TestGHRunnerTests */,
				830BC7BD2A1BB42F00F14A49 /* TestGHRunnerUITests */,
			);
		};
/* End PBXProject section */

/* Begin PBXResourcesBuildPhase section */
		830BC7A12A1BB42C00F14A49 /* Resources */ = {
			isa = PBXResourcesBuildPhase;
			buildActionMask = 2147483647;
			files = (
				830BC7AE2A1BB42E00F14A49 /* Preview Assets.xcassets in Resources */,
				830BC7AB2A1BB42E00F14A49 /* Assets.xcassets in Resources */,
			);
			runOnlyForDeploymentPostprocessing = 0;
		};
		830BC7B22A1BB42F00F14A49 /* Resources */ = {
			isa = PBXResourcesBuildPhase;
			buildActionMask = 2147483647;
			files = (
			);
			runOnlyForDeploymentPostprocessing = 0;
		};
		830BC7BC2A1BB42F00F14A49 /* Resources */ = {
			isa = PBXResourcesBuildPhase;
			buildActionMask = 2147483647;
			files = (
			);
			runOnlyForDeploymentPostprocessing = 0;
		};
/* End PBXResourcesBuildPhase section */

/* Begin PBXSourcesBuildPhase section */
		830BC79F2A1BB42C00F14A49 /* Sources */ = {
			isa = PBXSourcesBuildPhase;
			buildActionMask = 2147483647;
			files = (
				830BC7A92A1BB42C00F14A49 /* ContentView.swift in Sources */,
				830BC7A72A1BB42C00F14A49 /* TestGHRunnerApp.swift in Sources */,
			);
			runOnlyForDeploymentPostprocessing = 0;
		};
		830BC7B02A1BB42F00F14A49 /* Sources */ = {
			isa = PBXSourcesBuildPhase;
			buildActionMask = 2147483647;
			files = (
				830BC7B92A1BB42F00F14A49 /* TestGHRunnerTests.swift in Sources */,
			);
			runOnlyForDeploymentPostprocessing = 0;
		};
		830BC7BA2A1BB42F00F14A49 /* Sources */ = {
			isa = PBXSourcesBuildPhase;
			buildActionMask = 2147483647;
			files = (
				830BC7C32A1BB42F00F14A49 /* TestGHRunnerUITests.swift in Sources */,
				830BC7C52A1BB42F00F14A49 /* TestGHRunnerUITestsLaunchTests.swift in Sources */,
			);
			runOnlyForDeploymentPostprocessing = 0;
		};
/* End PBXSourcesBuildPhase section */

/* Begin PBXTargetDependency section */
		830BC7B62A1BB42F00F14A49 /* PBXTargetDependency */ = {
			isa = PBXTargetDependency;
			target = 830BC7A22A1BB42C00F14A49 /* TestGHRunner */;
			targetProxy = 830BC7B52A1BB42F00F14A49 /* PBXContainerItemProxy */;
		};
		830BC7C02A1BB42F00F14A49 /* PBXTargetDependency */ = {
			isa = PBXTargetDependency;
			target = 830BC7A22A1BB42C00F14A49 /* TestGHRunner */;
			targetProxy = 830BC7BF2A1BB42F00F14A49 /* PBXContainerItemProxy */;
		};
/* End PBXTargetDependency section */

/* Begin XCBuildConfiguration section */
		830BC7C62A1BB42F00F14A49 /* Debug */ = {
			isa = XCBuildConfiguration;
			buildSettings = {
				ALWAYS_SEARCH_USER_PATHS = NO;
				CLANG_ANALYZER_NONNULL = YES;
				CLANG_ANALYZER_NUMBER_OBJECT_CONVERSION = YES_AGGRESSIVE;
				CLANG_CXX_LANGUAGE_STANDARD = "gnu++20";
				CLANG_ENABLE_MODULES = YES;
				CLANG_ENABLE_OBJC_ARC = YES;
				CLANG_ENABLE_OBJC_WEAK = YES;
				CLANG_WARN_BLOCK_CAPTURE_AUTORELEASING = YES;
				CLANG_WARN_BOOL_CONVERSION = YES;
				CLANG_WARN_COMMA = YES;
				CLANG_WARN_CONSTANT_CONVERSION = YES;
				CLANG_WARN_DEPRECATED_OBJC_IMPLEMENTATIONS = YES;
				CLANG_WARN_DIRECT_OBJC_ISA_USAGE = YES_ERROR;
				CLANG_WARN_DOCUMENTATION_COMMENTS = YES;
				CLANG_WARN_EMPTY_BODY = YES;
				CLANG_WARN_ENUM_CONVERSION = YES;
				CLANG_WARN_INFINITE_RECURSION = YES;
				CLANG_WARN_INT_CONVERSION = YES;
				CLANG_WARN_NON_LITERAL_NULL_CONVERSION = YES;
				CLANG_WARN_OBJC_IMPLICIT_RETAIN_SELF = YES;
				CLANG_WARN_OBJC_LITERAL_CONVERSION = YES;
				CLANG_WARN_OBJC_ROOT_CLASS = YES_ERROR;
				CLANG_WARN_QUOTED_INCLUDE_IN_FRAMEWORK_HEADER = YES;
				CLANG_WARN_RANGE_LOOP_ANALYSIS = YES;
				CLANG_WARN_STRICT_PROTOTYPES = YES;
				CLANG_WARN_SUSPICIOUS_MOVE = YES;
				CLANG_WARN_UNGUARDED_AVAILABILITY = YES_AGGRESSIVE;
				CLANG_WARN_UNREACHABLE_CODE = YES;
				CLANG_WARN__DUPLICATE_METHOD_MATCH = YES;
				COPY_PHASE_STRIP = NO;
				DEBUG_INFORMATION_FORMAT = dwarf;
				ENABLE_STRICT_OBJC_MSGSEND = YES;
				ENABLE_TESTABILITY = YES;
				GCC_C_LANGUAGE_STANDARD = gnu11;
				GCC_DYNAMIC_NO_PIC = NO;
				GCC_NO_COMMON_BLOCKS = YES;
				GCC_OPTIMIZATION_LEVEL = 0;
				GCC_PREPROCESSOR_DEFINITIONS = (
					"DEBUG=1",
					"$(inherited)",
				);
				GCC_WARN_64_TO_32_BIT_CONVERSION = YES;
				GCC_WARN_ABOUT_RETURN_TYPE = YES_ERROR;
				GCC_WARN_UNDECLARED_SELECTOR = YES;
				GCC_WARN_UNINITIALIZED_AUTOS = YES_AGGRESSIVE;
				GCC_WARN_UNUSED_FUNCTION = YES;
				GCC_WARN_UNUSED_VARIABLE = YES;
				MACOSX_DEPLOYMENT_TARGET = 13.3;
				MTL_ENABLE_DEBUG_INFO = INCLUDE_SOURCE;
				MTL_FAST_MATH = YES;
				ONLY_ACTIVE_ARCH = YES;
				SDKROOT = macosx;
				SWIFT_ACTIVE_COMPILATION_CONDITIONS = DEBUG;
				SWIFT_OPTIMIZATION_LEVEL = "-Onone";
			};
			name = Debug;
		};
		830BC7C72A1BB42F00F14A49 /* Release */ = {
			isa = XCBuildConfiguration;
			buildSettings = {
				ALWAYS_SEARCH_USER_PATHS = NO;
				CLANG_ANALYZER_NONNULL = YES;
				CLANG_ANALYZER_NUMBER_OBJECT_CONVERSION = YES_AGGRESSIVE;
				CLANG_CXX_LANGUAGE_STANDARD = "gnu++20";
				CLANG_ENABLE_MODULES = YES;
				CLANG_ENABLE_OBJC_ARC = YES;
				CLANG_ENABLE_OBJC_WEAK = YES;
				CLANG_WARN_BLOCK_CAPTURE_AUTORELEASING = YES;
				CLANG_WARN_BOOL_CONVERSION = YES;
				CLANG_WARN_COMMA = YES;
				CLANG_WARN_CONSTANT_CONVERSION = YES;
				CLANG_WARN_DEPRECATED_OBJC_IMPLEMENTATIONS = YES;
				CLANG_WARN_DIRECT_OBJC_ISA_USAGE = YES_ERROR;
				CLANG_WARN_DOCUMENTATION_COMMENTS = YES;
				CLANG_WARN_EMPTY_BODY = YES;
				CLANG_WARN_ENUM_CONVERSION = YES;
				CLANG_WARN_INFINITE_RECURSION = YES;
				CLANG_WARN_INT_CONVERSION = YES;
				CLANG_WARN_NON_LITERAL_NULL_CONVERSION = YES;
				CLANG_WARN_OBJC_IMPLICIT_RETAIN_SELF = YES;
				CLANG_WARN_OBJC_LITERAL_CONVERSION = YES;
				CLANG_WARN_OBJC_ROOT_CLASS = YES_ERROR;
				CLANG_WARN_QUOTED_INCLUDE_IN_FRAMEWORK_HEADER = YES;
				CLANG_WARN_RANGE_LOOP_ANALYSIS = YES;
				CLANG_WARN_STRICT_PROTOTYPES = YES;
				CLANG_WARN_SUSPICIOUS_MOVE = YES;
				CLANG_WARN_UNGUARDED_AVAILABILITY = YES_AGGRESSIVE;
				CLANG_WARN_UNREACHABLE_CODE = YES;
				CLANG_WARN__DUPLICATE_METHOD_MATCH = YES;
				COPY_PHASE_STRIP = NO;
				DEBUG_INFORMATION_FORMAT = "dwarf-with-dsym";
				ENABLE_NS_ASSERTIONS = NO;
				ENABLE_STRICT_OBJC_MSGSEND = YES;
				GCC_C_LANGUAGE_STANDARD = gnu11;
				GCC_NO_COMMON_BLOCKS = YES;
				GCC_WARN_64_TO_32_BIT_CONVERSION = YES;
				GCC_WARN_ABOUT_RETURN_TYPE = YES_ERROR;
				GCC_WARN_UNDECLARED_SELECTOR = YES;
				GCC_WARN_UNINITIALIZED_AUTOS = YES_AGGRESSIVE;
				GCC_WARN_UNUSED_FUNCTION = YES;
				GCC_WARN_UNUSED_VARIABLE = YES;
				MACOSX_DEPLOYMENT_TARGET = 13.3;
				MTL_ENABLE_DEBUG_INFO = NO;
				MTL_FAST_MATH = YES;
				SDKROOT = macosx;
				SWIFT_COMPILATION_MODE = wholemodule;
				SWIFT_OPTIMIZATION_LEVEL = "-O";
			};
			name = Release;
		};
		830BC7C92A1BB42F00F14A49 /* Debug */ = {
			isa = XCBuildConfiguration;
			buildSettings = {
				ASSETCATALOG_COMPILER_APPICON_NAME = AppIcon;
				ASSETCATALOG_COMPILER_GLOBAL_ACCENT_COLOR_NAME = AccentColor;
				CODE_SIGN_ENTITLEMENTS = TestGHRunner/TestGHRunner.entitlements;
				CODE_SIGN_STYLE = Automatic;
				COMBINE_HIDPI_IMAGES = YES;
				CURRENT_PROJECT_VERSION = 1;
				DEVELOPMENT_ASSET_PATHS = "\"TestGHRunner/Preview Content\"";
				DEVELOPMENT_TEAM = 5RMZ3ZU3DS;
				ENABLE_HARDENED_RUNTIME = YES;
				ENABLE_PREVIEWS = YES;
				GENERATE_INFOPLIST_FILE = YES;
				INFOPLIST_KEY_NSHumanReadableCopyright = "";
				LD_RUNPATH_SEARCH_PATHS = (
					"$(inherited)",
					"@executable_path/../Frameworks",
				);
				MARKETING_VERSION = 1.0;
				PRODUCT_BUNDLE_IDENTIFIER = com.shapedbyiris.TestGHRunner;
				PRODUCT_NAME = "$(TARGET_NAME)";
				SWIFT_EMIT_LOC_STRINGS = YES;
				SWIFT_VERSION = 5.0;
			};
			name = Debug;
		};
		830BC7CA2A1BB42F00F14A49 /* Release */ = {
			isa = XCBuildConfiguration;
			buildSettings = {
				ASSETCATALOG_COMPILER_APPICON_NAME = AppIcon;
				ASSETCATALOG_COMPILER_GLOBAL_ACCENT_COLOR_NAME = AccentColor;
				CODE_SIGN_ENTITLEMENTS = TestGHRunner/TestGHRunner.entitlements;
				CODE_SIGN_STYLE = Automatic;
				COMBINE_HIDPI_IMAGES = YES;
				CURRENT_PROJECT_VERSION = 1;
				DEVELOPMENT_ASSET_PATHS = "\"TestGHRunner/Preview Content\"";
				DEVELOPMENT_TEAM = 5RMZ3ZU3DS;
				ENABLE_HARDENED_RUNTIME = YES;
				ENABLE_PREVIEWS = YES;
				GENERATE_INFOPLIST_FILE = YES;
				INFOPLIST_KEY_NSHumanReadableCopyright = "";
				LD_RUNPATH_SEARCH_PATHS = (
					"$(inherited)",
					"@executable_path/../Frameworks",
				);
				MARKETING_VERSION = 1.0;
				PRODUCT_BUNDLE_IDENTIFIER = com.shapedbyiris.TestGHRunner;
				PRODUCT_NAME = "$(TARGET_NAME)";
				SWIFT_EMIT_LOC_STRINGS = YES;
				SWIFT_VERSION = 5.0;
			};
			name = Release;
		};
		830BC7CC2A1BB42F00F14A49 /* Debug */ = {
			isa = XCBuildConfiguration;
			buildSettings = {
				ALWAYS_EMBED_SWIFT_STANDARD_LIBRARIES = YES;
				BUNDLE_LOADER = "$(TEST_HOST)";
				CODE_SIGN_STYLE = Automatic;
				CURRENT_PROJECT_VERSION = 1;
				DEVELOPMENT_TEAM = 5RMZ3ZU3DS;
				GENERATE_INFOPLIST_FILE = YES;
				MACOSX_DEPLOYMENT_TARGET = 13.3;
				MARKETING_VERSION = 1.0;
				PRODUCT_BUNDLE_IDENTIFIER = com.shapedbyiris.TestGHRunnerTests;
				PRODUCT_NAME = "$(TARGET_NAME)";
				SWIFT_EMIT_LOC_STRINGS = NO;
				SWIFT_VERSION = 5.0;
				TEST_HOST = "$(BUILT_PRODUCTS_DIR)/TestGHRunner.app/$(BUNDLE_EXECUTABLE_FOLDER_PATH)/TestGHRunner";
			};
			name = Debug;
		};
		830BC7CD2A1BB42F00F14A49 /* Release */ = {
			isa = XCBuildConfiguration;
			buildSettings = {
				ALWAYS_EMBED_SWIFT_STANDARD_LIBRARIES = YES;
				BUNDLE_LOADER = "$(TEST_HOST)";
				CODE_SIGN_STYLE = Automatic;
				CURRENT_PROJECT_VERSION = 1;
				DEVELOPMENT_TEAM = 5RMZ3ZU3DS;
				GENERATE_INFOPLIST_FILE = YES;
				MACOSX_DEPLOYMENT_TARGET = 13.3;
				MARKETING_VERSION = 1.0;
				PRODUCT_BUNDLE_IDENTIFIER = com.shapedbyiris.TestGHRunnerTests;
				PRODUCT_NAME = "$(TARGET_NAME)";
				SWIFT_EMIT_LOC_STRINGS = NO;
				SWIFT_VERSION = 5.0;
				TEST_HOST = "$(BUILT_PRODUCTS_DIR)/TestGHRunner.app/$(BUNDLE_EXECUTABLE_FOLDER_PATH)/TestGHRunner";
			};
			name = Release;
		};
		830BC7CF2A1BB42F00F14A49 /* Debug */ = {
			isa = XCBuildConfiguration;
			buildSettings = {
				ALWAYS_EMBED_SWIFT_STANDARD_LIBRARIES = YES;
				CODE_SIGN_STYLE = Automatic;
				CURRENT_PROJECT_VERSION = 1;
				DEVELOPMENT_TEAM = 5RMZ3ZU3DS;
				GENERATE_INFOPLIST_FILE = YES;
				MARKETING_VERSION = 1.0;
				PRODUCT_BUNDLE_IDENTIFIER = com.shapedbyiris.TestGHRunnerUITests;
				PRODUCT_NAME = "$(TARGET_NAME)";
				SWIFT_EMIT_LOC_STRINGS = NO;
				SWIFT_VERSION = 5.0;
				TEST_TARGET_NAME = TestGHRunner;
			};
			name = Debug;
		};
		830BC7D02A1BB42F00F14A49 /* Release */ = {
			isa = XCBuildConfiguration;
			buildSettings = {
				ALWAYS_EMBED_SWIFT_STANDARD_LIBRARIES = YES;
				CODE_SIGN_STYLE = Automatic;
				CURRENT_PROJECT_VERSION = 1;
				DEVELOPMENT_TEAM = 5RMZ3ZU3DS;
				GENERATE_INFOPLIST_FILE = YES;
				MARKETING_VERSION = 1.0;
				PRODUCT_BUNDLE_IDENTIFIER = com.shapedbyiris.TestGHRunnerUITests;
				PRODUCT_NAME = "$(TARGET_NAME)";
				SWIFT_EMIT_LOC_STRINGS = NO;
				SWIFT_VERSION = 5.0;
				TEST_TARGET_NAME = TestGHRunner;
			};
			name = Release;
		};
/* End XCBuildConfiguration section */

/* Begin XCConfigurationList section */
		830BC79E2A1BB42C00F14A49 /* Build configuration list for PBXProject "TestGHRunner" */ = {
			isa = XCConfigurationList;
			buildConfigurations = (
				830BC7C62A1BB42F00F14A49 /* Debug */,
				830BC7C72A1BB42F00F14A49 /* Release */,
			);
			defaultConfigurationIsVisible = 0;
			defaultConfigurationName = Release;
		};
		830BC7C82A1BB42F00F14A49 /* Build configuration list for PBXNativeTarget "TestGHRunner" */ = {
			isa = XCConfigurationList;
			buildConfigurations = (
				830BC7C92A1BB42F00F14A49 /* Debug */,
				830BC7CA2A1BB42F00F14A49 /* Release */,
			);
			defaultConfigurationIsVisible = 0;
			defaultConfigurationName = Release;
		};
		830BC7CB2A1BB42F00F14A49 /* Build configuration list for PBXNativeTarget "TestGHRunnerTests" */ = {
			isa = XCConfigurationList;
			buildConfigurations = (
				830BC7CC2A1BB42F00F14A49 /* Debug */,
				830BC7CD2A1BB42F00F14A49 /* Release */,
			);
			defaultConfigurationIsVisible = 0;
			defaultConfigurationName = Release;
		};
		830BC7CE2A1BB42F00F14A49 /* Build configuration list for PBXNativeTarget "TestGHRunnerUITests" */ = {
			isa = XCConfigurationList;
			buildConfigurations = (
				830BC7CF2A1BB42F00F14A49 /* Debug */,
				830BC7D02A1BB42F00F14A49 /* Release */,
			);
			defaultConfigurationIsVisible = 0;
			defaultConfigurationName = Release;
		};
/* End XCConfigurationList section */
	};
	rootObject = 830BC79B2A1BB42C00F14A49 /* Project object */;
}
